
Microsoft Visual Studio Solution File, Format Version 12.00
# Visual Studio Version 16
VisualStudioVersion = 25.0.1705.1
MinimumVisualStudioVersion = 10.0.40219.1
Project("{FAE04EC0-301F-11D3-BF4B-00C04F79EFBC}") = "HelloWorld", "HelloWorld\HelloWorld.csproj", "{FC552123-C457-4C56-8BCF-C9038FBAE56B}"
EndProject
Global
	GlobalSection(SolutionConfigurationPlatforms) = preSolution
		Debug|Any CPU = Debug|Any CPU
		Release|Any CPU = Release|Any CPU
	EndGlobalSection
	GlobalSection(ProjectConfigurationPlatforms) = postSolution
		{FC552123-C457-4C56-8BCF-C9038FBAE56B}.Debug|Any CPU.ActiveCfg = Debug|Any CPU
		{FC552123-C457-4C56-8BCF-C9038FBAE56B}.Debug|Any CPU.Build.0 = Debug|Any CPU
		{FC552123-C457-4C56-8BCF-C9038FBAE56B}.Release|Any CPU.ActiveCfg = Release|Any CPU
		{FC552123-C457-4C56-8BCF-C9038FBAE56B}.Release|Any CPU.Build.0 = Release|Any CPU
	EndGlobalSection
	GlobalSection(SolutionProperties) = preSolution
		HideSolutionNode = FALSE
	EndGlobalSection
	GlobalSection(ExtensibilityGlobals) = postSolution
		SolutionGuid = {D94C020A-4A56-4EEF-BE1A-DB29B6766826}
	EndGlobalSection
EndGlobal
