
Microsoft Visual Studio Solution File, Format Version 12.00
# Visual Studio Version 16
VisualStudioVersion = 25.0.1705.1
MinimumVisualStudioVersion = 10.0.40219.1
Project("{FAE04EC0-301F-11D3-BF4B-00C04F79EFBC}") = "ACM.BL", "ACM.BL\ACM.BL.csproj", "{8313C8D9-9408-4551-A959-758EEBA01265}"
EndProject
Project("{2150E333-8FDC-42A3-9474-1A3956D46DE8}") = "Tests", "Tests", "{F7B6787E-7CFB-4158-AF0B-A816BA061E6B}"
EndProject
Project("{FAE04EC0-301F-11D3-BF4B-00C04F79EFBC}") = "ACM.BLTest", "Tests\ACM.BLTest\ACM.BLTest.csproj", "{BECA2D91-8D15-47B0-9FC6-0A35869CE395}"
EndProject
Project("{FAE04EC0-301F-11D3-BF4B-00C04F79EFBC}") = "Acme.common", "Acme.common\Acme.common.csproj", "{1ADA5925-7B7D-436A-BF97-24E4B0627F34}"
EndProject
Project("{FAE04EC0-301F-11D3-BF4B-00C04F79EFBC}") = "Acme.CommonTest", "Tests\Acme.CommonTest\Acme.CommonTest.csproj", "{0CCD902C-2495-4E53-9C80-7EE6D91C8810}"
EndProject
Global
	GlobalSection(SolutionConfigurationPlatforms) = preSolution
		Debug|Any CPU = Debug|Any CPU
		Release|Any CPU = Release|Any CPU
	EndGlobalSection
	GlobalSection(ProjectConfigurationPlatforms) = postSolution
		{8313C8D9-9408-4551-A959-758EEBA01265}.Debug|Any CPU.ActiveCfg = Debug|Any CPU
		{8313C8D9-9408-4551-A959-758EEBA01265}.Debug|Any CPU.Build.0 = Debug|Any CPU
		{8313C8D9-9408-4551-A959-758EEBA01265}.Release|Any CPU.ActiveCfg = Release|Any CPU
		{8313C8D9-9408-4551-A959-758EEBA01265}.Release|Any CPU.Build.0 = Release|Any CPU
		{BECA2D91-8D15-47B0-9FC6-0A35869CE395}.Debug|Any CPU.ActiveCfg = Debug|Any CPU
		{BECA2D91-8D15-47B0-9FC6-0A35869CE395}.Debug|Any CPU.Build.0 = Debug|Any CPU
		{BECA2D91-8D15-47B0-9FC6-0A35869CE395}.Release|Any CPU.ActiveCfg = Release|Any CPU
		{BECA2D91-8D15-47B0-9FC6-0A35869CE395}.Release|Any CPU.Build.0 = Release|Any CPU
		{1ADA5925-7B7D-436A-BF97-24E4B0627F34}.Debug|Any CPU.ActiveCfg = Debug|Any CPU
		{1ADA5925-7B7D-436A-BF97-24E4B0627F34}.Debug|Any CPU.Build.0 = Debug|Any CPU
		{1ADA5925-7B7D-436A-BF97-24E4B0627F34}.Release|Any CPU.ActiveCfg = Release|Any CPU
		{1ADA5925-7B7D-436A-BF97-24E4B0627F34}.Release|Any CPU.Build.0 = Release|Any CPU
		{0CCD902C-2495-4E53-9C80-7EE6D91C8810}.Debug|Any CPU.ActiveCfg = Debug|Any CPU
		{0CCD902C-2495-4E53-9C80-7EE6D91C8810}.Debug|Any CPU.Build.0 = Debug|Any CPU
		{0CCD902C-2495-4E53-9C80-7EE6D91C8810}.Release|Any CPU.ActiveCfg = Release|Any CPU
		{0CCD902C-2495-4E53-9C80-7EE6D91C8810}.Release|Any CPU.Build.0 = Release|Any CPU
	EndGlobalSection
	GlobalSection(SolutionProperties) = preSolution
		HideSolutionNode = FALSE
	EndGlobalSection
	GlobalSection(ExtensibilityGlobals) = postSolution
		SolutionGuid = {E73D7D5B-B943-4CB0-BC60-443D586F0F2E}
	EndGlobalSection
	GlobalSection(NestedProjects) = preSolution
		{BECA2D91-8D15-47B0-9FC6-0A35869CE395} = {F7B6787E-7CFB-4158-AF0B-A816BA061E6B}
		{0CCD902C-2495-4E53-9C80-7EE6D91C8810} = {F7B6787E-7CFB-4158-AF0B-A816BA061E6B}
	EndGlobalSection
EndGlobal
